
Microsoft Visual Studio Solution File, Format Version 12.00
# Visual Studio Version 16
VisualStudioVersion = 16.0.30626.31
MinimumVisualStudioVersion = 10.0.40219.1
Project("{9A19103F-16F7-4668-BE54-9A1E7A4F7556}") = "CarteiraDigital.ProvedorAutenticacao", "CarteiraDigital.ProvedorAutenticacao\CarteiraDigital.ProvedorAutenticacao.csproj", "{1C598A65-31DA-4BF4-A9B1-EBF7B916BE18}"
EndProject
Project("{FAE04EC0-301F-11D3-BF4B-00C04F79EFBC}") = "CarteiraDigital.Models", "CarteiraDigital.Models\CarteiraDigital.Models.csproj", "{FCD80AA3-70C9-489E-AAF5-28BCCDA8600D}"
EndProject
Project("{FAE04EC0-301F-11D3-BF4B-00C04F79EFBC}") = "CarteiraDigital.Dados", "CarteiraDigital.Dados\CarteiraDigital.Dados.csproj", "{227FA93C-D913-4187-9CB4-B639DF347F30}"
EndProject
Project("{FAE04EC0-301F-11D3-BF4B-00C04F79EFBC}") = "CarteiraDigital.Servicos", "CarteiraDigital.Servicos\CarteiraDigital.Servicos.csproj", "{D9933412-5BE1-46D2-9976-38E658D5FCB1}"
EndProject
Project("{FAE04EC0-301F-11D3-BF4B-00C04F79EFBC}") = "CarteiraDigital.Servicos.Testes", "CarteiraDigital.Servicos.Testes\CarteiraDigital.Servicos.Testes.csproj", "{AFC8103C-A9F6-45D3-AEA1-1F835BE9FB4E}"
EndProject
Global
	GlobalSection(SolutionConfigurationPlatforms) = preSolution
		Debug|Any CPU = Debug|Any CPU
		Release|Any CPU = Release|Any CPU
	EndGlobalSection
	GlobalSection(ProjectConfigurationPlatforms) = postSolution
		{1C598A65-31DA-4BF4-A9B1-EBF7B916BE18}.Debug|Any CPU.ActiveCfg = Debug|Any CPU
		{1C598A65-31DA-4BF4-A9B1-EBF7B916BE18}.Debug|Any CPU.Build.0 = Debug|Any CPU
		{1C598A65-31DA-4BF4-A9B1-EBF7B916BE18}.Release|Any CPU.ActiveCfg = Release|Any CPU
		{1C598A65-31DA-4BF4-A9B1-EBF7B916BE18}.Release|Any CPU.Build.0 = Release|Any CPU
		{FCD80AA3-70C9-489E-AAF5-28BCCDA8600D}.Debug|Any CPU.ActiveCfg = Debug|Any CPU
		{FCD80AA3-70C9-489E-AAF5-28BCCDA8600D}.Debug|Any CPU.Build.0 = Debug|Any CPU
		{FCD80AA3-70C9-489E-AAF5-28BCCDA8600D}.Release|Any CPU.ActiveCfg = Release|Any CPU
		{FCD80AA3-70C9-489E-AAF5-28BCCDA8600D}.Release|Any CPU.Build.0 = Release|Any CPU
		{227FA93C-D913-4187-9CB4-B639DF347F30}.Debug|Any CPU.ActiveCfg = Debug|Any CPU
		{227FA93C-D913-4187-9CB4-B639DF347F30}.Debug|Any CPU.Build.0 = Debug|Any CPU
		{227FA93C-D913-4187-9CB4-B639DF347F30}.Release|Any CPU.ActiveCfg = Release|Any CPU
		{227FA93C-D913-4187-9CB4-B639DF347F30}.Release|Any CPU.Build.0 = Release|Any CPU
		{D9933412-5BE1-46D2-9976-38E658D5FCB1}.Debug|Any CPU.ActiveCfg = Debug|Any CPU
		{D9933412-5BE1-46D2-9976-38E658D5FCB1}.Debug|Any CPU.Build.0 = Debug|Any CPU
		{D9933412-5BE1-46D2-9976-38E658D5FCB1}.Release|Any CPU.ActiveCfg = Release|Any CPU
		{D9933412-5BE1-46D2-9976-38E658D5FCB1}.Release|Any CPU.Build.0 = Release|Any CPU
		{AFC8103C-A9F6-45D3-AEA1-1F835BE9FB4E}.Debug|Any CPU.ActiveCfg = Debug|Any CPU
		{AFC8103C-A9F6-45D3-AEA1-1F835BE9FB4E}.Debug|Any CPU.Build.0 = Debug|Any CPU
		{AFC8103C-A9F6-45D3-AEA1-1F835BE9FB4E}.Release|Any CPU.ActiveCfg = Release|Any CPU
		{AFC8103C-A9F6-45D3-AEA1-1F835BE9FB4E}.Release|Any CPU.Build.0 = Release|Any CPU
	EndGlobalSection
	GlobalSection(SolutionProperties) = preSolution
		HideSolutionNode = FALSE
	EndGlobalSection
	GlobalSection(ExtensibilityGlobals) = postSolution
		SolutionGuid = {6DCC2797-713E-4D9C-930F-1C799091F67B}
	EndGlobalSection
EndGlobal
